
Microsoft Visual Studio Solution File, Format Version 12.00
# Visual Studio Version 16
VisualStudioVersion = 16.0.28803.202
MinimumVisualStudioVersion = 10.0.40219.1
Project("{FAE04EC0-301F-11D3-BF4B-00C04F79EFBC}") = "HeadCountSizing", "HeadCountSizing\HeadCountSizing.csproj", "{2DE8838C-698B-473B-95E2-62AB4C516045}"
EndProject
Project("{FAE04EC0-301F-11D3-BF4B-00C04F79EFBC}") = "APIHeadCountSizing", "..\HeadcountSizing\APIHeadCountSizing\APIHeadCountSizing.csproj", "{18C4EC14-A84D-4D52-A5D9-6BA9431D56C7}"
EndProject
Project("{FAE04EC0-301F-11D3-BF4B-00C04F79EFBC}") = "SharedObjects", "..\HeadcountSizing\SharedObjects\SharedObjects.csproj", "{504B9481-A72F-4BA0-911D-B5E5F6D8185D}"
EndProject
Project("{FAE04EC0-301F-11D3-BF4B-00C04F79EFBC}") = "Services", "..\HeadcountSizing\Services\Services.csproj", "{36E80596-5631-4BD8-8875-672CCE7DEB50}"
EndProject
Global
	GlobalSection(SolutionConfigurationPlatforms) = preSolution
		Debug|Any CPU = Debug|Any CPU
		Release|Any CPU = Release|Any CPU
	EndGlobalSection
	GlobalSection(ProjectConfigurationPlatforms) = postSolution
		{2DE8838C-698B-473B-95E2-62AB4C516045}.Debug|Any CPU.ActiveCfg = Debug|Any CPU
		{2DE8838C-698B-473B-95E2-62AB4C516045}.Debug|Any CPU.Build.0 = Debug|Any CPU
		{2DE8838C-698B-473B-95E2-62AB4C516045}.Release|Any CPU.ActiveCfg = Release|Any CPU
		{2DE8838C-698B-473B-95E2-62AB4C516045}.Release|Any CPU.Build.0 = Release|Any CPU
		{18C4EC14-A84D-4D52-A5D9-6BA9431D56C7}.Debug|Any CPU.ActiveCfg = Debug|Any CPU
		{18C4EC14-A84D-4D52-A5D9-6BA9431D56C7}.Debug|Any CPU.Build.0 = Debug|Any CPU
		{18C4EC14-A84D-4D52-A5D9-6BA9431D56C7}.Release|Any CPU.ActiveCfg = Release|Any CPU
		{18C4EC14-A84D-4D52-A5D9-6BA9431D56C7}.Release|Any CPU.Build.0 = Release|Any CPU
		{504B9481-A72F-4BA0-911D-B5E5F6D8185D}.Debug|Any CPU.ActiveCfg = Debug|Any CPU
		{504B9481-A72F-4BA0-911D-B5E5F6D8185D}.Debug|Any CPU.Build.0 = Debug|Any CPU
		{504B9481-A72F-4BA0-911D-B5E5F6D8185D}.Release|Any CPU.ActiveCfg = Release|Any CPU
		{504B9481-A72F-4BA0-911D-B5E5F6D8185D}.Release|Any CPU.Build.0 = Release|Any CPU
		{36E80596-5631-4BD8-8875-672CCE7DEB50}.Debug|Any CPU.ActiveCfg = Debug|Any CPU
		{36E80596-5631-4BD8-8875-672CCE7DEB50}.Debug|Any CPU.Build.0 = Debug|Any CPU
		{36E80596-5631-4BD8-8875-672CCE7DEB50}.Release|Any CPU.ActiveCfg = Release|Any CPU
		{36E80596-5631-4BD8-8875-672CCE7DEB50}.Release|Any CPU.Build.0 = Release|Any CPU
	EndGlobalSection
	GlobalSection(SolutionProperties) = preSolution
		HideSolutionNode = FALSE
	EndGlobalSection
	GlobalSection(ExtensibilityGlobals) = postSolution
		SolutionGuid = {8DC729ED-8221-4416-B32B-F759583F375C}
	EndGlobalSection
EndGlobal
